{
    "name": "@aoc2020/monorepo",
    "version": "1.0.0",
    "lockfileVersion": 2,
    "requires": true,
    "packages": {
        "": {
            "name": "@aoc2020/monorepo",
            "version": "1.0.0",
            "workspaces": [
                "./common/*"
            ],
            "dependencies": {
                "@types/node": "^14.14.14"
            }
        },
        "common/utils": {
            "name": "@aoc2020/utils",
            "version": "1.0.0",
            "license": "ISC",
            "dependencies": {
                "@types/node": "^14.14.14"
            }
        },
        "node_modules/@aoc2020/utils": {
            "resolved": "common/utils",
            "link": true
        },
        "node_modules/@types/node": {
            "version": "14.14.14",
            "resolved": "https://registry.npmjs.org/@types/node/-/node-14.14.14.tgz",
            "integrity": "sha512-UHnOPWVWV1z+VV8k6L1HhG7UbGBgIdghqF3l9Ny9ApPghbjICXkUJSd/b9gOgQfjM1r+37cipdw/HJ3F6ICEnQ=="
        }
    },
    "dependencies": {
        "@aoc2020/utils": {
            "version": "file:common/utils",
            "requires": {
                "@types/node": "^14.14.14"
            }
        },
        "@types/node": {
            "version": "14.14.14",
            "resolved": "https://registry.npmjs.org/@types/node/-/node-14.14.14.tgz",
            "integrity": "sha512-UHnOPWVWV1z+VV8k6L1HhG7UbGBgIdghqF3l9Ny9ApPghbjICXkUJSd/b9gOgQfjM1r+37cipdw/HJ3F6ICEnQ=="
        }
    }
}
